
Microsoft Visual Studio Solution File, Format Version 12.00
# Visual Studio 15
Project("{FAE04EC0-301F-11D3-BF4B-00C04F79EFBC}") = "Assembly-CSharp", "Assembly-CSharp.csproj", "{02072F61-A0B3-FF3B-9E50-1DC53FD31B61}"
EndProject
Project("{FAE04EC0-301F-11D3-BF4B-00C04F79EFBC}") = "Assembly-CSharp-Editor", "Assembly-CSharp-Editor.csproj", "{32FE7A89-EE39-A77E-B748-DE2C4D7A6EFD}"
EndProject
Global
	GlobalSection(SolutionConfigurationPlatforms) = preSolution
		Debug|Any CPU = Debug|Any CPU
		Release|Any CPU = Release|Any CPU
	EndGlobalSection
	GlobalSection(ProjectConfigurationPlatforms) = postSolution
		{02072F61-A0B3-FF3B-9E50-1DC53FD31B61}.Debug|Any CPU.ActiveCfg = Debug|Any CPU
		{02072F61-A0B3-FF3B-9E50-1DC53FD31B61}.Debug|Any CPU.Build.0 = Debug|Any CPU
		{02072F61-A0B3-FF3B-9E50-1DC53FD31B61}.Release|Any CPU.ActiveCfg = Release|Any CPU
		{02072F61-A0B3-FF3B-9E50-1DC53FD31B61}.Release|Any CPU.Build.0 = Release|Any CPU
		{32FE7A89-EE39-A77E-B748-DE2C4D7A6EFD}.Debug|Any CPU.ActiveCfg = Debug|Any CPU
		{32FE7A89-EE39-A77E-B748-DE2C4D7A6EFD}.Debug|Any CPU.Build.0 = Debug|Any CPU
		{32FE7A89-EE39-A77E-B748-DE2C4D7A6EFD}.Release|Any CPU.ActiveCfg = Release|Any CPU
		{32FE7A89-EE39-A77E-B748-DE2C4D7A6EFD}.Release|Any CPU.Build.0 = Release|Any CPU
	EndGlobalSection
	GlobalSection(SolutionProperties) = preSolution
		HideSolutionNode = FALSE
	EndGlobalSection
EndGlobal
